
Microsoft Visual Studio Solution File, Format Version 12.00
# Visual Studio Version 17
VisualStudioVersion = 17.10.35013.160
MinimumVisualStudioVersion = 10.0.40219.1
Project("{FAE04EC0-301F-11D3-BF4B-00C04F79EFBC}") = "OOPPracticeAbstraction", "OOPPracticeAbstraction\OOPPracticeAbstraction.csproj", "{5355D738-87ED-4424-9A56-7E1820561C2E}"
EndProject
Global
	GlobalSection(SolutionConfigurationPlatforms) = preSolution
		Debug|Any CPU = Debug|Any CPU
		Release|Any CPU = Release|Any CPU
	EndGlobalSection
	GlobalSection(ProjectConfigurationPlatforms) = postSolution
		{5355D738-87ED-4424-9A56-7E1820561C2E}.Debug|Any CPU.ActiveCfg = Debug|Any CPU
		{5355D738-87ED-4424-9A56-7E1820561C2E}.Debug|Any CPU.Build.0 = Debug|Any CPU
		{5355D738-87ED-4424-9A56-7E1820561C2E}.Release|Any CPU.ActiveCfg = Release|Any CPU
		{5355D738-87ED-4424-9A56-7E1820561C2E}.Release|Any CPU.Build.0 = Release|Any CPU
	EndGlobalSection
	GlobalSection(SolutionProperties) = preSolution
		HideSolutionNode = FALSE
	EndGlobalSection
	GlobalSection(ExtensibilityGlobals) = postSolution
		SolutionGuid = {CC436924-50A0-400F-ADE1-F3872ED240DC}
	EndGlobalSection
EndGlobal
